tool_id: infra.daily_avg_txs_per_block
g1: infra
description: Daily average transactions per block with moving average.
g2: network
g3: daily_avg_txs_per_block
g4: Avg Txs Per Block
g5: Ethereum Blocks
scope: generic
returns:
- name: date
  type: date
- name: avg_transactions_per_block
  type: number
- name: monthly_ma
  type: number
inputs:
- key: lookback_days
  type: number
  label: Lookback Days
  default: '30'
  required: false
